
Microsoft Visual Studio Solution File, Format Version 12.00
# Visual Studio Version 17
VisualStudioVersion = 17.14.36915.13 d17.14
MinimumVisualStudioVersion = 10.0.40219.1
Project("{FAE04EC0-301F-11D3-BF4B-00C04F79EFBC}") = "MunicipalityAppPoe", "MunicipalityAppPoe\MunicipalityAppPoe.csproj", "{89EFB7A6-EDEE-446E-B779-57F444FAE287}"
EndProject
Global
	GlobalSection(SolutionConfigurationPlatforms) = preSolution
		Debug|Any CPU = Debug|Any CPU
		Release|Any CPU = Release|Any CPU
	EndGlobalSection
	GlobalSection(ProjectConfigurationPlatforms) = postSolution
		{89EFB7A6-EDEE-446E-B779-57F444FAE287}.Debug|Any CPU.ActiveCfg = Debug|Any CPU
		{89EFB7A6-EDEE-446E-B779-57F444FAE287}.Debug|Any CPU.Build.0 = Debug|Any CPU
		{89EFB7A6-EDEE-446E-B779-57F444FAE287}.Release|Any CPU.ActiveCfg = Release|Any CPU
		{89EFB7A6-EDEE-446E-B779-57F444FAE287}.Release|Any CPU.Build.0 = Release|Any CPU
	EndGlobalSection
	GlobalSection(SolutionProperties) = preSolution
		HideSolutionNode = FALSE
	EndGlobalSection
	GlobalSection(ExtensibilityGlobals) = postSolution
		SolutionGuid = {398F8F07-D551-441E-BBCF-096A643FA12A}
	EndGlobalSection
EndGlobal
